
Microsoft Visual Studio Solution File, Format Version 12.00
# Visual Studio 2012
Project("{FAE04EC0-301F-11D3-BF4B-00C04F79EFBC}") = "NProgramming.NGuava", "NProgramming.NGuava\NProgramming.NGuava.csproj", "{F67F8E5F-95CE-45E5-B8BF-4366904EE577}"
EndProject
Project("{FAE04EC0-301F-11D3-BF4B-00C04F79EFBC}") = "NProgramming.NGuava.UnitTests", "NProgramming.NGuava.UnitTests\NProgramming.NGuava.UnitTests.csproj", "{B0B0330A-6124-474B-865E-3D19041FEB17}"
EndProject
Global
	GlobalSection(SolutionConfigurationPlatforms) = preSolution
		Debug|Any CPU = Debug|Any CPU
		Release|Any CPU = Release|Any CPU
	EndGlobalSection
	GlobalSection(ProjectConfigurationPlatforms) = postSolution
		{F67F8E5F-95CE-45E5-B8BF-4366904EE577}.Debug|Any CPU.ActiveCfg = Debug|Any CPU
		{F67F8E5F-95CE-45E5-B8BF-4366904EE577}.Debug|Any CPU.Build.0 = Debug|Any CPU
		{F67F8E5F-95CE-45E5-B8BF-4366904EE577}.Release|Any CPU.ActiveCfg = Release|Any CPU
		{F67F8E5F-95CE-45E5-B8BF-4366904EE577}.Release|Any CPU.Build.0 = Release|Any CPU
		{B0B0330A-6124-474B-865E-3D19041FEB17}.Debug|Any CPU.ActiveCfg = Debug|Any CPU
		{B0B0330A-6124-474B-865E-3D19041FEB17}.Debug|Any CPU.Build.0 = Debug|Any CPU
		{B0B0330A-6124-474B-865E-3D19041FEB17}.Release|Any CPU.ActiveCfg = Release|Any CPU
		{B0B0330A-6124-474B-865E-3D19041FEB17}.Release|Any CPU.Build.0 = Release|Any CPU
	EndGlobalSection
	GlobalSection(SolutionProperties) = preSolution
		HideSolutionNode = FALSE
	EndGlobalSection
EndGlobal
